// !$*UTF8*$!
{
	archiveVersion = 1;
	classes = {
	};
	objectVersion = 55;
	objects = {

/* Begin PBXBuildFile section */
		1B6366D6282C8DB100172A1A /* UserDefaultManager.swift in Sources */ = {isa = PBXBuildFile; fileRef = 1B6366D5282C8DB100172A1A /* UserDefaultManager.swift */; };
		1BDA02B02828CE8700E75205 /* AppDelegate.swift in Sources */ = {isa = PBXBuildFile; fileRef = 1BDA02AF2828CE8700E75205 /* AppDelegate.swift */; };
		1BDA02B22828CE8700E75205 /* SceneDelegate.swift in Sources */ = {isa = PBXBuildFile; fileRef = 1BDA02B12828CE8700E75205 /* SceneDelegate.swift */; };
		1BDA02B42828CE8700E75205 /* ViewController.swift in Sources */ = {isa = PBXBuildFile; fileRef = 1BDA02B32828CE8700E75205 /* ViewController.swift */; };
		1BDA02B72828CE8700E75205 /* Main.storyboard in Resources */ = {isa = PBXBuildFile; fileRef = 1BDA02B52828CE8700E75205 /* Main.storyboard */; };
		1BDA02B92828CE8A00E75205 /* Assets.xcassets in Resources */ = {isa = PBXBuildFile; fileRef = 1BDA02B82828CE8A00E75205 /* Assets.xcassets */; };
		1BDA02BC2828CE8A00E75205 /* LaunchScreen.storyboard in Resources */ = {isa = PBXBuildFile; fileRef = 1BDA02BA2828CE8A00E75205 /* LaunchScreen.storyboard */; };
		1BDA02C52828CECA00E75205 /* SwiftyJSON in Frameworks */ = {isa = PBXBuildFile; productRef = 1BDA02C42828CECA00E75205 /* SwiftyJSON */; };
		1BDA02C82828CEF200E75205 /* Alamofire in Frameworks */ = {isa = PBXBuildFile; productRef = 1BDA02C72828CEF200E75205 /* Alamofire */; };
		1BDA02CA2828CFB400E75205 /* LottoData.swift in Sources */ = {isa = PBXBuildFile; fileRef = 1BDA02C92828CFB400E75205 /* LottoData.swift */; };
		1BDA02CD2828D11000E75205 /* Constants.swift in Sources */ = {isa = PBXBuildFile; fileRef = 1BDA02CC2828D11000E75205 /* Constants.swift */; };
		1BDA02CF2828DF4000E75205 /* APICall.swift in Sources */ = {isa = PBXBuildFile; fileRef = 1BDA02CE2828DF4000E75205 /* APICall.swift */; };
		1BDA02D12828E48300E75205 /* ViewController+Extentions.swift in Sources */ = {isa = PBXBuildFile; fileRef = 1BDA02D02828E48300E75205 /* ViewController+Extentions.swift */; };
/* End PBXBuildFile section */

/* Begin PBXFileReference section */
		1B6366D5282C8DB100172A1A /* UserDefaultManager.swift */ = {isa = PBXFileReference; lastKnownFileType = sourcecode.swift; path = UserDefaultManager.swift; sourceTree = "<group>"; };
		1BDA02AC2828CE8700E75205 /* MyLottoExample.app */ = {isa = PBXFileReference; explicitFileType = wrapper.application; includeInIndex = 0; path = MyLottoExample.app; sourceTree = BUILT_PRODUCTS_DIR; };
		1BDA02AF2828CE8700E75205 /* AppDelegate.swift */ = {isa = PBXFileReference; lastKnownFileType = sourcecode.swift; path = AppDelegate.swift; sourceTree = "<group>"; };
		1BDA02B12828CE8700E75205 /* SceneDelegate.swift */ = {isa = PBXFileReference; lastKnownFileType = sourcecode.swift; path = SceneDelegate.swift; sourceTree = "<group>"; };
		1BDA02B32828CE8700E75205 /* ViewController.swift */ = {isa = PBXFileReference; lastKnownFileType = sourcecode.swift; path = ViewController.swift; sourceTree = "<group>"; };
		1BDA02B62828CE8700E75205 /* Base */ = {isa = PBXFileReference; lastKnownFileType = file.storyboard; name = Base; path = Base.lproj/Main.storyboard; sourceTree = "<group>"; };
		1BDA02B82828CE8A00E75205 /* Assets.xcassets */ = {isa = PBXFileReference; lastKnownFileType = folder.assetcatalog; path = Assets.xcassets; sourceTree = "<group>"; };
		1BDA02BB2828CE8A00E75205 /* Base */ = {isa = PBXFileReference; lastKnownFileType = file.storyboard; name = Base; path = Base.lproj/LaunchScreen.storyboard; sourceTree = "<group>"; };
		1BDA02BD2828CE8A00E75205 /* Info.plist */ = {isa = PBXFileReference; lastKnownFileType = text.plist.xml; path = Info.plist; sourceTree = "<group>"; };
		1BDA02C92828CFB400E75205 /* LottoData.swift */ = {isa = PBXFileReference; lastKnownFileType = sourcecode.swift; path = LottoData.swift; sourceTree = "<group>"; };
		1BDA02CC2828D11000E75205 /* Constants.swift */ = {isa = PBXFileReference; lastKnownFileType = sourcecode.swift; path = Constants.swift; sourceTree = "<group>"; };
		1BDA02CE2828DF4000E75205 /* APICall.swift */ = {isa = PBXFileReference; lastKnownFileType = sourcecode.swift; path = APICall.swift; sourceTree = "<group>"; };
		1BDA02D02828E48300E75205 /* ViewController+Extentions.swift */ = {isa = PBXFileReference; fileEncoding = 4; lastKnownFileType = sourcecode.swift; path = "ViewController+Extentions.swift"; sourceTree = "<group>"; };
/* End PBXFileReference section */

/* Begin PBXFrameworksBuildPhase section */
		1BDA02A92828CE8700E75205 /* Frameworks */ = {
			isa = PBXFrameworksBuildPhase;
			buildActionMask = 2147483647;
			files = (
				1BDA02C52828CECA00E75205 /* SwiftyJSON in Frameworks */,
				1BDA02C82828CEF200E75205 /* Alamofire in Frameworks */,
			);
			runOnlyForDeploymentPostprocessing = 0;
		};
/* End PBXFrameworksBuildPhase section */

/* Begin PBXGroup section */
		1BDA02A32828CE8700E75205 = {
			isa = PBXGroup;
			children = (
				1BDA02AE2828CE8700E75205 /* MyLottoExample */,
				1BDA02AD2828CE8700E75205 /* Products */,
			);
			sourceTree = "<group>";
		};
		1BDA02AD2828CE8700E75205 /* Products */ = {
			isa = PBXGroup;
			children = (
				1BDA02AC2828CE8700E75205 /* MyLottoExample.app */,
			);
			name = Products;
			sourceTree = "<group>";
		};
		1BDA02AE2828CE8700E75205 /* MyLottoExample */ = {
			isa = PBXGroup;
			children = (
				1BDA02D02828E48300E75205 /* ViewController+Extentions.swift */,
				1BDA02CB2828D0DB00E75205 /* network */,
				1BDA02AF2828CE8700E75205 /* AppDelegate.swift */,
				1BDA02B12828CE8700E75205 /* SceneDelegate.swift */,
				1BDA02B32828CE8700E75205 /* ViewController.swift */,
				1BDA02C92828CFB400E75205 /* LottoData.swift */,
				1B6366D5282C8DB100172A1A /* UserDefaultManager.swift */,
				1BDA02B52828CE8700E75205 /* Main.storyboard */,
				1BDA02B82828CE8A00E75205 /* Assets.xcassets */,
				1BDA02BA2828CE8A00E75205 /* LaunchScreen.storyboard */,
				1BDA02BD2828CE8A00E75205 /* Info.plist */,
			);
			path = MyLottoExample;
			sourceTree = "<group>";
		};
		1BDA02CB2828D0DB00E75205 /* network */ = {
			isa = PBXGroup;
			children = (
				1BDA02CC2828D11000E75205 /* Constants.swift */,
				1BDA02CE2828DF4000E75205 /* APICall.swift */,
			);
			name = network;
			sourceTree = "<group>";
		};
/* End PBXGroup section */

/* Begin PBXNativeTarget section */
		1BDA02AB2828CE8700E75205 /* MyLottoExample */ = {
			isa = PBXNativeTarget;
			buildConfigurationList = 1BDA02C02828CE8A00E75205 /* Build configuration list for PBXNativeTarget "MyLottoExample" */;
			buildPhases = (
				1BDA02A82828CE8700E75205 /* Sources */,
				1BDA02A92828CE8700E75205 /* Frameworks */,
				1BDA02AA2828CE8700E75205 /* Resources */,
			);
			buildRules = (
			);
			dependencies = (
			);
			name = MyLottoExample;
			packageProductDependencies = (
				1BDA02C42828CECA00E75205 /* SwiftyJSON */,
				1BDA02C72828CEF200E75205 /* Alamofire */,
			);
			productName = MyLottoExample;
			productReference = 1BDA02AC2828CE8700E75205 /* MyLottoExample.app */;
			productType = "com.apple.product-type.application";
		};
/* End PBXNativeTarget section */

/* Begin PBXProject section */
		1BDA02A42828CE8700E75205 /* Project object */ = {
			isa = PBXProject;
			attributes = {
				BuildIndependentTargetsInParallel = 1;
				LastSwiftUpdateCheck = 1330;
				LastUpgradeCheck = 1330;
				TargetAttributes = {
					1BDA02AB2828CE8700E75205 = {
						CreatedOnToolsVersion = 13.3.1;
					};
				};
			};
			buildConfigurationList = 1BDA02A72828CE8700E75205 /* Build configuration list for PBXProject "MyLottoExample" */;
			compatibilityVersion = "Xcode 13.0";
			developmentRegion = en;
			hasScannedForEncodings = 0;
			knownRegions = (
				en,
				Base,
			);
			mainGroup = 1BDA02A32828CE8700E75205;
			packageReferences = (
				1BDA02C32828CECA00E75205 /* XCRemoteSwiftPackageReference "SwiftyJSON" */,
				1BDA02C62828CEF200E75205 /* XCRemoteSwiftPackageReference "Alamofire" */,
			);
			productRefGroup = 1BDA02AD2828CE8700E75205 /* Products */;
			projectDirPath = "";
			projectRoot = "";
			targets = (
				1BDA02AB2828CE8700E75205 /* MyLottoExample */,
			);
		};
/* End PBXProject section */

/* Begin PBXResourcesBuildPhase section */
		1BDA02AA2828CE8700E75205 /* Resources */ = {
			isa = PBXResourcesBuildPhase;
			buildActionMask = 2147483647;
			files = (
				1BDA02BC2828CE8A00E75205 /* LaunchScreen.storyboard in Resources */,
				1BDA02B92828CE8A00E75205 /* Assets.xcassets in Resources */,
				1BDA02B72828CE8700E75205 /* Main.storyboard in Resources */,
			);
			runOnlyForDeploymentPostprocessing = 0;
		};
/* End PBXResourcesBuildPhase section */

/* Begin PBXSourcesBuildPhase section */
		1BDA02A82828CE8700E75205 /* Sources */ = {
			isa = PBXSourcesBuildPhase;
			buildActionMask = 2147483647;
			files = (
				1BDA02D12828E48300E75205 /* ViewController+Extentions.swift in Sources */,
				1BDA02CD2828D11000E75205 /* Constants.swift in Sources */,
				1B6366D6282C8DB100172A1A /* UserDefaultManager.swift in Sources */,
				1BDA02B42828CE8700E75205 /* ViewController.swift in Sources */,
				1BDA02CF2828DF4000E75205 /* APICall.swift in Sources */,
				1BDA02B02828CE8700E75205 /* AppDelegate.swift in Sources */,
				1BDA02CA2828CFB400E75205 /* LottoData.swift in Sources */,
				1BDA02B22828CE8700E75205 /* SceneDelegate.swift in Sources */,
			);
			runOnlyForDeploymentPostprocessing = 0;
		};
/* End PBXSourcesBuildPhase section */

/* Begin PBXVariantGroup section */
		1BDA02B52828CE8700E75205 /* Main.storyboard */ = {
			isa = PBXVariantGroup;
			children = (
				1BDA02B62828CE8700E75205 /* Base */,
			);
			name = Main.storyboard;
			sourceTree = "<group>";
		};
		1BDA02BA2828CE8A00E75205 /* LaunchScreen.storyboard */ = {
			isa = PBXVariantGroup;
			children = (
				1BDA02BB2828CE8A00E75205 /* Base */,
			);
			name = LaunchScreen.storyboard;
			sourceTree = "<group>";
		};
/* End PBXVariantGroup section */

/* Begin XCBuildConfiguration section */
		1BDA02BE2828CE8A00E75205 /* Debug */ = {
			isa = XCBuildConfiguration;
			buildSettings = {
				ALWAYS_SEARCH_USER_PATHS = NO;
				CLANG_ANALYZER_NONNULL = YES;
				CLANG_ANALYZER_NUMBER_OBJECT_CONVERSION = YES_AGGRESSIVE;
				CLANG_CXX_LANGUAGE_STANDARD = "gnu++17";
				CLANG_ENABLE_MODULES = YES;
				CLANG_ENABLE_OBJC_ARC = YES;
				CLANG_ENABLE_OBJC_WEAK = YES;
				CLANG_WARN_BLOCK_CAPTURE_AUTORELEASING = YES;
				CLANG_WARN_BOOL_CONVERSION = YES;
				CLANG_WARN_COMMA = YES;
				CLANG_WARN_CONSTANT_CONVERSION = YES;
				CLANG_WARN_DEPRECATED_OBJC_IMPLEMENTATIONS = YES;
				CLANG_WARN_DIRECT_OBJC_ISA_USAGE = YES_ERROR;
				CLANG_WARN_DOCUMENTATION_COMMENTS = YES;
				CLANG_WARN_EMPTY_BODY = YES;
				CLANG_WARN_ENUM_CONVERSION = YES;
				CLANG_WARN_INFINITE_RECURSION = YES;
				CLANG_WARN_INT_CONVERSION = YES;
				CLANG_WARN_NON_LITERAL_NULL_CONVERSION = YES;
				CLANG_WARN_OBJC_IMPLICIT_RETAIN_SELF = YES;
				CLANG_WARN_OBJC_LITERAL_CONVERSION = YES;
				CLANG_WARN_OBJC_ROOT_CLASS = YES_ERROR;
				CLANG_WARN_QUOTED_INCLUDE_IN_FRAMEWORK_HEADER = YES;
				CLANG_WARN_RANGE_LOOP_ANALYSIS = YES;
				CLANG_WARN_STRICT_PROTOTYPES = YES;
				CLANG_WARN_SUSPICIOUS_MOVE = YES;
				CLANG_WARN_UNGUARDED_AVAILABILITY = YES_AGGRESSIVE;
				CLANG_WARN_UNREACHABLE_CODE = YES;
				CLANG_WARN__DUPLICATE_METHOD_MATCH = YES;
				COPY_PHASE_STRIP = NO;
				DEBUG_INFORMATION_FORMAT = dwarf;
				ENABLE_STRICT_OBJC_MSGSEND = YES;
				ENABLE_TESTABILITY = YES;
				GCC_C_LANGUAGE_STANDARD = gnu11;
				GCC_DYNAMIC_NO_PIC = NO;
				GCC_NO_COMMON_BLOCKS = YES;
				GCC_OPTIMIZATION_LEVEL = 0;
				GCC_PREPROCESSOR_DEFINITIONS = (
					"DEBUG=1",
					"$(inherited)",
				);
				GCC_WARN_64_TO_32_BIT_CONVERSION = YES;
				GCC_WARN_ABOUT_RETURN_TYPE = YES_ERROR;
				GCC_WARN_UNDECLARED_SELECTOR = YES;
				GCC_WARN_UNINITIALIZED_AUTOS = YES_AGGRESSIVE;
				GCC_WARN_UNUSED_FUNCTION = YES;
				GCC_WARN_UNUSED_VARIABLE = YES;
				IPHONEOS_DEPLOYMENT_TARGET = 15.4;
				MTL_ENABLE_DEBUG_INFO = INCLUDE_SOURCE;
				MTL_FAST_MATH = YES;
				ONLY_ACTIVE_ARCH = YES;
				SDKROOT = iphoneos;
				SWIFT_ACTIVE_COMPILATION_CONDITIONS = DEBUG;
				SWIFT_OPTIMIZATION_LEVEL = "-Onone";
			};
			name = Debug;
		};
		1BDA02BF2828CE8A00E75205 /* Release */ = {
			isa = XCBuildConfiguration;
			buildSettings = {
				ALWAYS_SEARCH_USER_PATHS = NO;
				CLANG_ANALYZER_NONNULL = YES;
				CLANG_ANALYZER_NUMBER_OBJECT_CONVERSION = YES_AGGRESSIVE;
				CLANG_CXX_LANGUAGE_STANDARD = "gnu++17";
				CLANG_ENABLE_MODULES = YES;
				CLANG_ENABLE_OBJC_ARC = YES;
				CLANG_ENABLE_OBJC_WEAK = YES;
				CLANG_WARN_BLOCK_CAPTURE_AUTORELEASING = YES;
				CLANG_WARN_BOOL_CONVERSION = YES;
				CLANG_WARN_COMMA = YES;
				CLANG_WARN_CONSTANT_CONVERSION = YES;
				CLANG_WARN_DEPRECATED_OBJC_IMPLEMENTATIONS = YES;
				CLANG_WARN_DIRECT_OBJC_ISA_USAGE = YES_ERROR;
				CLANG_WARN_DOCUMENTATION_COMMENTS = YES;
				CLANG_WARN_EMPTY_BODY = YES;
				CLANG_WARN_ENUM_CONVERSION = YES;
				CLANG_WARN_INFINITE_RECURSION = YES;
				CLANG_WARN_INT_CONVERSION = YES;
				CLANG_WARN_NON_LITERAL_NULL_CONVERSION = YES;
				CLANG_WARN_OBJC_IMPLICIT_RETAIN_SELF = YES;
				CLANG_WARN_OBJC_LITERAL_CONVERSION = YES;
				CLANG_WARN_OBJC_ROOT_CLASS = YES_ERROR;
				CLANG_WARN_QUOTED_INCLUDE_IN_FRAMEWORK_HEADER = YES;
				CLANG_WARN_RANGE_LOOP_ANALYSIS = YES;
				CLANG_WARN_STRICT_PROTOTYPES = YES;
				CLANG_WARN_SUSPICIOUS_MOVE = YES;
				CLANG_WARN_UNGUARDED_AVAILABILITY = YES_AGGRESSIVE;
				CLANG_WARN_UNREACHABLE_CODE = YES;
				CLANG_WARN__DUPLICATE_METHOD_MATCH = YES;
				COPY_PHASE_STRIP = NO;
				DEBUG_INFORMATION_FORMAT = "dwarf-with-dsym";
				ENABLE_NS_ASSERTIONS = NO;
				ENABLE_STRICT_OBJC_MSGSEND = YES;
				GCC_C_LANGUAGE_STANDARD = gnu11;
				GCC_NO_COMMON_BLOCKS = YES;
				GCC_WARN_64_TO_32_BIT_CONVERSION = YES;
				GCC_WARN_ABOUT_RETURN_TYPE = YES_ERROR;
				GCC_WARN_UNDECLARED_SELECTOR = YES;
				GCC_WARN_UNINITIALIZED_AUTOS = YES_AGGRESSIVE;
				GCC_WARN_UNUSED_FUNCTION = YES;
				GCC_WARN_UNUSED_VARIABLE = YES;
				IPHONEOS_DEPLOYMENT_TARGET = 15.4;
				MTL_ENABLE_DEBUG_INFO = NO;
				MTL_FAST_MATH = YES;
				SDKROOT = iphoneos;
				SWIFT_COMPILATION_MODE = wholemodule;
				SWIFT_OPTIMIZATION_LEVEL = "-O";
				VALIDATE_PRODUCT = YES;
			};
			name = Release;
		};
		1BDA02C12828CE8A00E75205 /* Debug */ = {
			isa = XCBuildConfiguration;
			buildSettings = {
				ASSETCATALOG_COMPILER_APPICON_NAME = AppIcon;
				ASSETCATALOG_COMPILER_GLOBAL_ACCENT_COLOR_NAME = AccentColor;
				CODE_SIGN_STYLE = Automatic;
				CURRENT_PROJECT_VERSION = 1;
				GENERATE_INFOPLIST_FILE = YES;
				INFOPLIST_FILE = MyLottoExample/Info.plist;
				INFOPLIST_KEY_UIApplicationSupportsIndirectInputEvents = YES;
				INFOPLIST_KEY_UILaunchStoryboardName = LaunchScreen;
				INFOPLIST_KEY_UIMainStoryboardFile = Main;
				INFOPLIST_KEY_UISupportedInterfaceOrientations_iPad = "UIInterfaceOrientationPortrait UIInterfaceOrientationPortraitUpsideDown UIInterfaceOrientationLandscapeLeft UIInterfaceOrientationLandscapeRight";
				INFOPLIST_KEY_UISupportedInterfaceOrientations_iPhone = "UIInterfaceOrientationPortrait UIInterfaceOrientationLandscapeLeft UIInterfaceOrientationLandscapeRight";
				LD_RUNPATH_SEARCH_PATHS = (
					"$(inherited)",
					"@executable_path/Frameworks",
				);
				MARKETING_VERSION = 1.0;
				PRODUCT_BUNDLE_IDENTIFIER = com.bro.MyLottoExample;
				PRODUCT_NAME = "$(TARGET_NAME)";
				SWIFT_EMIT_LOC_STRINGS = YES;
				SWIFT_VERSION = 5.0;
				TARGETED_DEVICE_FAMILY = "1,2";
			};
			name = Debug;
		};
		1BDA02C22828CE8A00E75205 /* Release */ = {
			isa = XCBuildConfiguration;
			buildSettings = {
				ASSETCATALOG_COMPILER_APPICON_NAME = AppIcon;
				ASSETCATALOG_COMPILER_GLOBAL_ACCENT_COLOR_NAME = AccentColor;
				CODE_SIGN_STYLE = Automatic;
				CURRENT_PROJECT_VERSION = 1;
				GENERATE_INFOPLIST_FILE = YES;
				INFOPLIST_FILE = MyLottoExample/Info.plist;
				INFOPLIST_KEY_UIApplicationSupportsIndirectInputEvents = YES;
				INFOPLIST_KEY_UILaunchStoryboardName = LaunchScreen;
				INFOPLIST_KEY_UIMainStoryboardFile = Main;
				INFOPLIST_KEY_UISupportedInterfaceOrientations_iPad = "UIInterfaceOrientationPortrait UIInterfaceOrientationPortraitUpsideDown UIInterfaceOrientationLandscapeLeft UIInterfaceOrientationLandscapeRight";
				INFOPLIST_KEY_UISupportedInterfaceOrientations_iPhone = "UIInterfaceOrientationPortrait UIInterfaceOrientationLandscapeLeft UIInterfaceOrientationLandscapeRight";
				LD_RUNPATH_SEARCH_PATHS = (
					"$(inherited)",
					"@executable_path/Frameworks",
				);
				MARKETING_VERSION = 1.0;
				PRODUCT_BUNDLE_IDENTIFIER = com.bro.MyLottoExample;
				PRODUCT_NAME = "$(TARGET_NAME)";
				SWIFT_EMIT_LOC_STRINGS = YES;
				SWIFT_VERSION = 5.0;
				TARGETED_DEVICE_FAMILY = "1,2";
			};
			name = Release;
		};
/* End XCBuildConfiguration section */

/* Begin XCConfigurationList section */
		1BDA02A72828CE8700E75205 /* Build configuration list for PBXProject "MyLottoExample" */ = {
			isa = XCConfigurationList;
			buildConfigurations = (
				1BDA02BE2828CE8A00E75205 /* Debug */,
				1BDA02BF2828CE8A00E75205 /* Release */,
			);
			defaultConfigurationIsVisible = 0;
			defaultConfigurationName = Release;
		};
		1BDA02C02828CE8A00E75205 /* Build configuration list for PBXNativeTarget "MyLottoExample" */ = {
			isa = XCConfigurationList;
			buildConfigurations = (
				1BDA02C12828CE8A00E75205 /* Debug */,
				1BDA02C22828CE8A00E75205 /* Release */,
			);
			defaultConfigurationIsVisible = 0;
			defaultConfigurationName = Release;
		};
/* End XCConfigurationList section */

/* Begin XCRemoteSwiftPackageReference section */
		1BDA02C32828CECA00E75205 /* XCRemoteSwiftPackageReference "SwiftyJSON" */ = {
			isa = XCRemoteSwiftPackageReference;
			repositoryURL = "https://github.com/SwiftyJSON/SwiftyJSON.git";
			requirement = {
				branch = master;
				kind = branch;
			};
		};
		1BDA02C62828CEF200E75205 /* XCRemoteSwiftPackageReference "Alamofire" */ = {
			isa = XCRemoteSwiftPackageReference;
			repositoryURL = "https://github.com/Alamofire/Alamofire.git";
			requirement = {
				branch = master;
				kind = branch;
			};
		};
/* End XCRemoteSwiftPackageReference section */

/* Begin XCSwiftPackageProductDependency section */
		1BDA02C42828CECA00E75205 /* SwiftyJSON */ = {
			isa = XCSwiftPackageProductDependency;
			package = 1BDA02C32828CECA00E75205 /* XCRemoteSwiftPackageReference "SwiftyJSON" */;
			productName = SwiftyJSON;
		};
		1BDA02C72828CEF200E75205 /* Alamofire */ = {
			isa = XCSwiftPackageProductDependency;
			package = 1BDA02C62828CEF200E75205 /* XCRemoteSwiftPackageReference "Alamofire" */;
			productName = Alamofire;
		};
/* End XCSwiftPackageProductDependency section */
	};
	rootObject = 1BDA02A42828CE8700E75205 /* Project object */;
}
